// !$*UTF8*$!
{
	archiveVersion = 1;
	classes = {
	};
	objectVersion = 55;
	objects = {

/* Begin PBXBuildFile section */
		6908277A2855BCED00810954 /* main.cpp in Sources */ = {isa = PBXBuildFile; fileRef = 690827792855BCED00810954 /* main.cpp */; };
		690827822855BF4F00810954 /* libglfw.3.3.dylib in Frameworks */ = {isa = PBXBuildFile; fileRef = 690827812855BF4F00810954 /* libglfw.3.3.dylib */; };
		690827842855BF7600810954 /* libvulkan.1.3.211.dylib in Frameworks */ = {isa = PBXBuildFile; fileRef = 690827832855BF7600810954 /* libvulkan.1.3.211.dylib */; };
		6908278A2855BFD700810954 /* libvulkan.1.3.211.dylib in CopyFiles */ = {isa = PBXBuildFile; fileRef = 690827892855BFD600810954 /* libvulkan.1.3.211.dylib */; settings = {ATTRIBUTES = (CodeSignOnCopy, ); }; };
		6908278C2855BFE900810954 /* libglfw.3.3.dylib in CopyFiles */ = {isa = PBXBuildFile; fileRef = 6908278B2855BFE900810954 /* libglfw.3.3.dylib */; settings = {ATTRIBUTES = (CodeSignOnCopy, ); }; };
		691D20D12856940600F1DF1E /* libVkLayer_khronos_validation.dylib in Frameworks */ = {isa = PBXBuildFile; fileRef = 691D20D02856940600F1DF1E /* libVkLayer_khronos_validation.dylib */; };
		691D20D32856940B00F1DF1E /* libVkLayer_khronos_validation.dylib in CopyFiles */ = {isa = PBXBuildFile; fileRef = 691D20D22856940B00F1DF1E /* libVkLayer_khronos_validation.dylib */; settings = {ATTRIBUTES = (CodeSignOnCopy, ); }; };
		69650FE32856290800D63B86 /* libMoltenVK.dylib in CopyFiles */ = {isa = PBXBuildFile; fileRef = 69650FE22856290800D63B86 /* libMoltenVK.dylib */; settings = {ATTRIBUTES = (CodeSignOnCopy, ); }; };
		69650FE42856290F00D63B86 /* libMoltenVK.dylib in Frameworks */ = {isa = PBXBuildFile; fileRef = 69650FE22856290800D63B86 /* libMoltenVK.dylib */; };
		69650FEC285643F200D63B86 /* libvulkan.1.dylib in Frameworks */ = {isa = PBXBuildFile; fileRef = 690827852855BF8700810954 /* libvulkan.1.dylib */; };
		69650FEE285643F700D63B86 /* libvulkan.1.dylib in CopyFiles */ = {isa = PBXBuildFile; fileRef = 69650FED285643F700D63B86 /* libvulkan.1.dylib */; settings = {ATTRIBUTES = (CodeSignOnCopy, ); }; };
/* End PBXBuildFile section */

/* Begin PBXCopyFilesBuildPhase section */
		690827742855BCED00810954 /* CopyFiles */ = {
			isa = PBXCopyFilesBuildPhase;
			buildActionMask = 12;
			dstPath = "";
			dstSubfolderSpec = 10;
			files = (
				6908278C2855BFE900810954 /* libglfw.3.3.dylib in CopyFiles */,
				69650FEE285643F700D63B86 /* libvulkan.1.dylib in CopyFiles */,
				6908278A2855BFD700810954 /* libvulkan.1.3.211.dylib in CopyFiles */,
				69650FE32856290800D63B86 /* libMoltenVK.dylib in CopyFiles */,
				691D20D32856940B00F1DF1E /* libVkLayer_khronos_validation.dylib in CopyFiles */,
			);
			runOnlyForDeploymentPostprocessing = 0;
		};
/* End PBXCopyFilesBuildPhase section */

/* Begin PBXFileReference section */
		690827762855BCED00810954 /* VulkanTest */ = {isa = PBXFileReference; explicitFileType = "compiled.mach-o.executable"; includeInIndex = 0; path = VulkanTest; sourceTree = BUILT_PRODUCTS_DIR; };
		690827792855BCED00810954 /* main.cpp */ = {isa = PBXFileReference; lastKnownFileType = sourcecode.cpp.cpp; path = main.cpp; sourceTree = "<group>"; };
		690827812855BF4F00810954 /* libglfw.3.3.dylib */ = {isa = PBXFileReference; lastKnownFileType = "compiled.mach-o.dylib"; name = libglfw.3.3.dylib; path = ../../../../opt/homebrew/lib/libglfw.3.3.dylib; sourceTree = "<group>"; };
		690827832855BF7600810954 /* libvulkan.1.3.211.dylib */ = {isa = PBXFileReference; lastKnownFileType = "compiled.mach-o.dylib"; name = libvulkan.1.3.211.dylib; path = ../../opt/VulkanSDK/1.3.211.0/macOS/lib/libvulkan.1.3.211.dylib; sourceTree = "<group>"; };
		690827852855BF8700810954 /* libvulkan.1.dylib */ = {isa = PBXFileReference; lastKnownFileType = "compiled.mach-o.dylib"; name = libvulkan.1.dylib; path = ../../opt/VulkanSDK/1.3.211.0/macOS/lib/libvulkan.1.dylib; sourceTree = "<group>"; };
		690827892855BFD600810954 /* libvulkan.1.3.211.dylib */ = {isa = PBXFileReference; lastKnownFileType = "compiled.mach-o.dylib"; name = libvulkan.1.3.211.dylib; path = ../../opt/VulkanSDK/1.3.211.0/macOS/lib/libvulkan.1.3.211.dylib; sourceTree = "<group>"; };
		6908278B2855BFE900810954 /* libglfw.3.3.dylib */ = {isa = PBXFileReference; lastKnownFileType = "compiled.mach-o.dylib"; name = libglfw.3.3.dylib; path = ../../../../opt/homebrew/lib/libglfw.3.3.dylib; sourceTree = "<group>"; };
		691D20D02856940600F1DF1E /* libVkLayer_khronos_validation.dylib */ = {isa = PBXFileReference; lastKnownFileType = "compiled.mach-o.dylib"; name = libVkLayer_khronos_validation.dylib; path = ../../opt/VulkanSDK/1.3.211.0/macOS/lib/libVkLayer_khronos_validation.dylib; sourceTree = "<group>"; };
		691D20D22856940B00F1DF1E /* libVkLayer_khronos_validation.dylib */ = {isa = PBXFileReference; lastKnownFileType = "compiled.mach-o.dylib"; name = libVkLayer_khronos_validation.dylib; path = ../../opt/VulkanSDK/1.3.211.0/macOS/lib/libVkLayer_khronos_validation.dylib; sourceTree = "<group>"; };
		69650FE22856290800D63B86 /* libMoltenVK.dylib */ = {isa = PBXFileReference; lastKnownFileType = "compiled.mach-o.dylib"; name = libMoltenVK.dylib; path = ../../opt/VulkanSDK/1.3.211.0/macOS/lib/libMoltenVK.dylib; sourceTree = "<group>"; };
		69650FE628562BA000D63B86 /* libvulkan.dylib */ = {isa = PBXFileReference; lastKnownFileType = "compiled.mach-o.dylib"; name = libvulkan.dylib; path = ../../opt/VulkanSDK/1.3.211.0/macOS/lib/libvulkan.dylib; sourceTree = "<group>"; };
		69650FED285643F700D63B86 /* libvulkan.1.dylib */ = {isa = PBXFileReference; lastKnownFileType = "compiled.mach-o.dylib"; name = libvulkan.1.dylib; path = ../../opt/VulkanSDK/1.3.211.0/macOS/lib/libvulkan.1.dylib; sourceTree = "<group>"; };
/* End PBXFileReference section */

/* Begin PBXFrameworksBuildPhase section */
		690827732855BCED00810954 /* Frameworks */ = {
			isa = PBXFrameworksBuildPhase;
			buildActionMask = 2147483647;
			files = (
				690827822855BF4F00810954 /* libglfw.3.3.dylib in Frameworks */,
				69650FEC285643F200D63B86 /* libvulkan.1.dylib in Frameworks */,
				690827842855BF7600810954 /* libvulkan.1.3.211.dylib in Frameworks */,
				69650FE42856290F00D63B86 /* libMoltenVK.dylib in Frameworks */,
				691D20D12856940600F1DF1E /* libVkLayer_khronos_validation.dylib in Frameworks */,
			);
			runOnlyForDeploymentPostprocessing = 0;
		};
/* End PBXFrameworksBuildPhase section */

/* Begin PBXGroup section */
		6908276D2855BCED00810954 = {
			isa = PBXGroup;
			children = (
				691D20D22856940B00F1DF1E /* libVkLayer_khronos_validation.dylib */,
				69650FED285643F700D63B86 /* libvulkan.1.dylib */,
				69650FE22856290800D63B86 /* libMoltenVK.dylib */,
				6908278B2855BFE900810954 /* libglfw.3.3.dylib */,
				690827892855BFD600810954 /* libvulkan.1.3.211.dylib */,
				690827782855BCED00810954 /* VulkanTest */,
				690827772855BCED00810954 /* Products */,
				690827802855BF4F00810954 /* Frameworks */,
			);
			sourceTree = "<group>";
		};
		690827772855BCED00810954 /* Products */ = {
			isa = PBXGroup;
			children = (
				690827762855BCED00810954 /* VulkanTest */,
			);
			name = Products;
			sourceTree = "<group>";
		};
		690827782855BCED00810954 /* VulkanTest */ = {
			isa = PBXGroup;
			children = (
				690827792855BCED00810954 /* main.cpp */,
			);
			path = VulkanTest;
			sourceTree = "<group>";
		};
		690827802855BF4F00810954 /* Frameworks */ = {
			isa = PBXGroup;
			children = (
				691D20D02856940600F1DF1E /* libVkLayer_khronos_validation.dylib */,
				69650FE628562BA000D63B86 /* libvulkan.dylib */,
				690827852855BF8700810954 /* libvulkan.1.dylib */,
				690827832855BF7600810954 /* libvulkan.1.3.211.dylib */,
				690827812855BF4F00810954 /* libglfw.3.3.dylib */,
			);
			name = Frameworks;
			sourceTree = "<group>";
		};
/* End PBXGroup section */

/* Begin PBXNativeTarget section */
		690827752855BCED00810954 /* VulkanTest */ = {
			isa = PBXNativeTarget;
			buildConfigurationList = 6908277D2855BCED00810954 /* Build configuration list for PBXNativeTarget "VulkanTest" */;
			buildPhases = (
				690827722855BCED00810954 /* Sources */,
				690827732855BCED00810954 /* Frameworks */,
				690827742855BCED00810954 /* CopyFiles */,
			);
			buildRules = (
			);
			dependencies = (
			);
			name = VulkanTest;
			productName = VulkanTest;
			productReference = 690827762855BCED00810954 /* VulkanTest */;
			productType = "com.apple.product-type.tool";
		};
/* End PBXNativeTarget section */

/* Begin PBXProject section */
		6908276E2855BCED00810954 /* Project object */ = {
			isa = PBXProject;
			attributes = {
				BuildIndependentTargetsInParallel = 1;
				LastUpgradeCheck = 1340;
				TargetAttributes = {
					690827752855BCED00810954 = {
						CreatedOnToolsVersion = 13.4.1;
					};
				};
			};
			buildConfigurationList = 690827712855BCED00810954 /* Build configuration list for PBXProject "VulkanTest" */;
			compatibilityVersion = "Xcode 13.0";
			developmentRegion = en;
			hasScannedForEncodings = 0;
			knownRegions = (
				en,
				Base,
			);
			mainGroup = 6908276D2855BCED00810954;
			productRefGroup = 690827772855BCED00810954 /* Products */;
			projectDirPath = "";
			projectRoot = "";
			targets = (
				690827752855BCED00810954 /* VulkanTest */,
			);
		};
/* End PBXProject section */

/* Begin PBXSourcesBuildPhase section */
		690827722855BCED00810954 /* Sources */ = {
			isa = PBXSourcesBuildPhase;
			buildActionMask = 2147483647;
			files = (
				6908277A2855BCED00810954 /* main.cpp in Sources */,
			);
			runOnlyForDeploymentPostprocessing = 0;
		};
/* End PBXSourcesBuildPhase section */

/* Begin XCBuildConfiguration section */
		6908277B2855BCED00810954 /* Debug */ = {
			isa = XCBuildConfiguration;
			buildSettings = {
				ALWAYS_SEARCH_USER_PATHS = NO;
				CLANG_ANALYZER_NONNULL = YES;
				CLANG_ANALYZER_NUMBER_OBJECT_CONVERSION = YES_AGGRESSIVE;
				CLANG_CXX_LANGUAGE_STANDARD = "gnu++17";
				CLANG_ENABLE_MODULES = YES;
				CLANG_ENABLE_OBJC_ARC = YES;
				CLANG_ENABLE_OBJC_WEAK = YES;
				CLANG_WARN_BLOCK_CAPTURE_AUTORELEASING = YES;
				CLANG_WARN_BOOL_CONVERSION = YES;
				CLANG_WARN_COMMA = YES;
				CLANG_WARN_CONSTANT_CONVERSION = YES;
				CLANG_WARN_DEPRECATED_OBJC_IMPLEMENTATIONS = YES;
				CLANG_WARN_DIRECT_OBJC_ISA_USAGE = YES_ERROR;
				CLANG_WARN_DOCUMENTATION_COMMENTS = YES;
				CLANG_WARN_EMPTY_BODY = YES;
				CLANG_WARN_ENUM_CONVERSION = YES;
				CLANG_WARN_INFINITE_RECURSION = YES;
				CLANG_WARN_INT_CONVERSION = YES;
				CLANG_WARN_NON_LITERAL_NULL_CONVERSION = YES;
				CLANG_WARN_OBJC_IMPLICIT_RETAIN_SELF = YES;
				CLANG_WARN_OBJC_LITERAL_CONVERSION = YES;
				CLANG_WARN_OBJC_ROOT_CLASS = YES_ERROR;
				CLANG_WARN_QUOTED_INCLUDE_IN_FRAMEWORK_HEADER = YES;
				CLANG_WARN_RANGE_LOOP_ANALYSIS = YES;
				CLANG_WARN_STRICT_PROTOTYPES = YES;
				CLANG_WARN_SUSPICIOUS_MOVE = YES;
				CLANG_WARN_UNGUARDED_AVAILABILITY = YES_AGGRESSIVE;
				CLANG_WARN_UNREACHABLE_CODE = YES;
				CLANG_WARN__DUPLICATE_METHOD_MATCH = YES;
				COPY_PHASE_STRIP = NO;
				DEBUG_INFORMATION_FORMAT = dwarf;
				ENABLE_STRICT_OBJC_MSGSEND = YES;
				ENABLE_TESTABILITY = YES;
				GCC_C_LANGUAGE_STANDARD = gnu11;
				GCC_DYNAMIC_NO_PIC = NO;
				GCC_NO_COMMON_BLOCKS = YES;
				GCC_OPTIMIZATION_LEVEL = 0;
				GCC_PREPROCESSOR_DEFINITIONS = (
					"DEBUG=1",
					"$(inherited)",
				);
				GCC_WARN_64_TO_32_BIT_CONVERSION = YES;
				GCC_WARN_ABOUT_RETURN_TYPE = YES_ERROR;
				GCC_WARN_UNDECLARED_SELECTOR = YES;
				GCC_WARN_UNINITIALIZED_AUTOS = YES_AGGRESSIVE;
				GCC_WARN_UNUSED_FUNCTION = YES;
				GCC_WARN_UNUSED_VARIABLE = YES;
				MACOSX_DEPLOYMENT_TARGET = 12.3;
				MTL_ENABLE_DEBUG_INFO = INCLUDE_SOURCE;
				MTL_FAST_MATH = YES;
				ONLY_ACTIVE_ARCH = YES;
				SDKROOT = macosx;
			};
			name = Debug;
		};
		6908277C2855BCED00810954 /* Release */ = {
			isa = XCBuildConfiguration;
			buildSettings = {
				ALWAYS_SEARCH_USER_PATHS = NO;
				CLANG_ANALYZER_NONNULL = YES;
				CLANG_ANALYZER_NUMBER_OBJECT_CONVERSION = YES_AGGRESSIVE;
				CLANG_CXX_LANGUAGE_STANDARD = "gnu++17";
				CLANG_ENABLE_MODULES = YES;
				CLANG_ENABLE_OBJC_ARC = YES;
				CLANG_ENABLE_OBJC_WEAK = YES;
				CLANG_WARN_BLOCK_CAPTURE_AUTORELEASING = YES;
				CLANG_WARN_BOOL_CONVERSION = YES;
				CLANG_WARN_COMMA = YES;
				CLANG_WARN_CONSTANT_CONVERSION = YES;
				CLANG_WARN_DEPRECATED_OBJC_IMPLEMENTATIONS = YES;
				CLANG_WARN_DIRECT_OBJC_ISA_USAGE = YES_ERROR;
				CLANG_WARN_DOCUMENTATION_COMMENTS = YES;
				CLANG_WARN_EMPTY_BODY = YES;
				CLANG_WARN_ENUM_CONVERSION = YES;
				CLANG_WARN_INFINITE_RECURSION = YES;
				CLANG_WARN_INT_CONVERSION = YES;
				CLANG_WARN_NON_LITERAL_NULL_CONVERSION = YES;
				CLANG_WARN_OBJC_IMPLICIT_RETAIN_SELF = YES;
				CLANG_WARN_OBJC_LITERAL_CONVERSION = YES;
				CLANG_WARN_OBJC_ROOT_CLASS = YES_ERROR;
				CLANG_WARN_QUOTED_INCLUDE_IN_FRAMEWORK_HEADER = YES;
				CLANG_WARN_RANGE_LOOP_ANALYSIS = YES;
				CLANG_WARN_STRICT_PROTOTYPES = YES;
				CLANG_WARN_SUSPICIOUS_MOVE = YES;
				CLANG_WARN_UNGUARDED_AVAILABILITY = YES_AGGRESSIVE;
				CLANG_WARN_UNREACHABLE_CODE = YES;
				CLANG_WARN__DUPLICATE_METHOD_MATCH = YES;
				COPY_PHASE_STRIP = NO;
				DEBUG_INFORMATION_FORMAT = "dwarf-with-dsym";
				ENABLE_NS_ASSERTIONS = NO;
				ENABLE_STRICT_OBJC_MSGSEND = YES;
				GCC_C_LANGUAGE_STANDARD = gnu11;
				GCC_NO_COMMON_BLOCKS = YES;
				GCC_WARN_64_TO_32_BIT_CONVERSION = YES;
				GCC_WARN_ABOUT_RETURN_TYPE = YES_ERROR;
				GCC_WARN_UNDECLARED_SELECTOR = YES;
				GCC_WARN_UNINITIALIZED_AUTOS = YES_AGGRESSIVE;
				GCC_WARN_UNUSED_FUNCTION = YES;
				GCC_WARN_UNUSED_VARIABLE = YES;
				MACOSX_DEPLOYMENT_TARGET = 12.3;
				MTL_ENABLE_DEBUG_INFO = NO;
				MTL_FAST_MATH = YES;
				SDKROOT = macosx;
			};
			name = Release;
		};
		6908277E2855BCED00810954 /* Debug */ = {
			isa = XCBuildConfiguration;
			buildSettings = {
				CODE_SIGN_STYLE = Automatic;
				DEVELOPMENT_TEAM = 2D968VQN25;
				ENABLE_HARDENED_RUNTIME = YES;
				HEADER_SEARCH_PATHS = (
					/usr/local/include,
					/Users/antonin/opt/VulkanSDK/1.3.211.0/macOS/include,
					/opt/homebrew/include,
				);
				LIBRARY_SEARCH_PATHS = (
					/usr/local/lib,
					/Users/antonin/opt/VulkanSDK/1.3.211.0/macOS/lib,
					/opt/homebrew/lib,
				);
				PRODUCT_NAME = "$(TARGET_NAME)";
			};
			name = Debug;
		};
		6908277F2855BCED00810954 /* Release */ = {
			isa = XCBuildConfiguration;
			buildSettings = {
				CODE_SIGN_STYLE = Automatic;
				DEVELOPMENT_TEAM = 2D968VQN25;
				ENABLE_HARDENED_RUNTIME = YES;
				HEADER_SEARCH_PATHS = (
					/usr/local/include,
					/Users/antonin/opt/VulkanSDK/1.3.211.0/macOS/include,
					/opt/homebrew/include,
				);
				LIBRARY_SEARCH_PATHS = (
					/usr/local/lib,
					/Users/antonin/opt/VulkanSDK/1.3.211.0/macOS/lib,
					/opt/homebrew/lib,
				);
				PRODUCT_NAME = "$(TARGET_NAME)";
			};
			name = Release;
		};
/* End XCBuildConfiguration section */

/* Begin XCConfigurationList section */
		690827712855BCED00810954 /* Build configuration list for PBXProject "VulkanTest" */ = {
			isa = XCConfigurationList;
			buildConfigurations = (
				6908277B2855BCED00810954 /* Debug */,
				6908277C2855BCED00810954 /* Release */,
			);
			defaultConfigurationIsVisible = 0;
			defaultConfigurationName = Release;
		};
		6908277D2855BCED00810954 /* Build configuration list for PBXNativeTarget "VulkanTest" */ = {
			isa = XCConfigurationList;
			buildConfigurations = (
				6908277E2855BCED00810954 /* Debug */,
				6908277F2855BCED00810954 /* Release */,
			);
			defaultConfigurationIsVisible = 0;
			defaultConfigurationName = Release;
		};
/* End XCConfigurationList section */
	};
	rootObject = 6908276E2855BCED00810954 /* Project object */;
}
